
Microsoft Visual Studio Solution File, Format Version 12.00
# Visual Studio Version 17
VisualStudioVersion = 17.4.33213.308
MinimumVisualStudioVersion = 10.0.40219.1
Project("{FAE04EC0-301F-11D3-BF4B-00C04F79EFBC}") = "WASM", "WASM\WASM.csproj", "{6C6CB9B9-90D9-4144-A1AF-92C9CCAEEDE2}"
EndProject
Project("{FAE04EC0-301F-11D3-BF4B-00C04F79EFBC}") = "SERVER", "SERVER\SERVER.csproj", "{4CCE4A16-8862-4100-8EB8-3ADFAD536058}"
EndProject
Global
	GlobalSection(SolutionConfigurationPlatforms) = preSolution
		Debug|Any CPU = Debug|Any CPU
		Release|Any CPU = Release|Any CPU
	EndGlobalSection
	GlobalSection(ProjectConfigurationPlatforms) = postSolution
		{6C6CB9B9-90D9-4144-A1AF-92C9CCAEEDE2}.Debug|Any CPU.ActiveCfg = Debug|Any CPU
		{6C6CB9B9-90D9-4144-A1AF-92C9CCAEEDE2}.Debug|Any CPU.Build.0 = Debug|Any CPU
		{6C6CB9B9-90D9-4144-A1AF-92C9CCAEEDE2}.Release|Any CPU.ActiveCfg = Release|Any CPU
		{6C6CB9B9-90D9-4144-A1AF-92C9CCAEEDE2}.Release|Any CPU.Build.0 = Release|Any CPU
		{4CCE4A16-8862-4100-8EB8-3ADFAD536058}.Debug|Any CPU.ActiveCfg = Debug|Any CPU
		{4CCE4A16-8862-4100-8EB8-3ADFAD536058}.Debug|Any CPU.Build.0 = Debug|Any CPU
		{4CCE4A16-8862-4100-8EB8-3ADFAD536058}.Release|Any CPU.ActiveCfg = Release|Any CPU
		{4CCE4A16-8862-4100-8EB8-3ADFAD536058}.Release|Any CPU.Build.0 = Release|Any CPU
	EndGlobalSection
	GlobalSection(SolutionProperties) = preSolution
		HideSolutionNode = FALSE
	EndGlobalSection
	GlobalSection(ExtensibilityGlobals) = postSolution
		SolutionGuid = {344A680D-634A-49CE-95CD-D8E9C0F4281C}
	EndGlobalSection
EndGlobal
